// !$*UTF8*$!
{
	archiveVersion = 1;
	classes = {
	};
	objectVersion = 50;
	objects = {

/* Begin PBXBuildFile section */
		41BC456720E4FD0100C7F905 /* AppDelegate.m in Sources */ = {isa = PBXBuildFile; fileRef = 41BC456620E4FD0100C7F905 /* AppDelegate.m */; };
		41BC456C20E4FD0200C7F905 /* Assets.xcassets in Resources */ = {isa = PBXBuildFile; fileRef = 41BC456B20E4FD0200C7F905 /* Assets.xcassets */; };
		41BC457220E4FD0200C7F905 /* main.m in Sources */ = {isa = PBXBuildFile; fileRef = 41BC457120E4FD0200C7F905 /* main.m */; };
		41BC45EA20E6237200C7F905 /* MDMTaskTool.m in Sources */ = {isa = PBXBuildFile; fileRef = 41BC45E920E6237200C7F905 /* MDMTaskTool.m */; };
/* End PBXBuildFile section */

/* Begin PBXFileReference section */
		41BC456220E4FD0100C7F905 /* SimViewer.app */ = {isa = PBXFileReference; explicitFileType = wrapper.application; includeInIndex = 0; path = SimViewer.app; sourceTree = BUILT_PRODUCTS_DIR; };
		41BC456520E4FD0100C7F905 /* AppDelegate.h */ = {isa = PBXFileReference; lastKnownFileType = sourcecode.c.h; path = AppDelegate.h; sourceTree = "<group>"; };
		41BC456620E4FD0100C7F905 /* AppDelegate.m */ = {isa = PBXFileReference; lastKnownFileType = sourcecode.c.objc; path = AppDelegate.m; sourceTree = "<group>"; };
		41BC456B20E4FD0200C7F905 /* Assets.xcassets */ = {isa = PBXFileReference; lastKnownFileType = folder.assetcatalog; path = Assets.xcassets; sourceTree = "<group>"; };
		41BC457020E4FD0200C7F905 /* Info.plist */ = {isa = PBXFileReference; lastKnownFileType = text.plist.xml; path = Info.plist; sourceTree = "<group>"; };
		41BC457120E4FD0200C7F905 /* main.m */ = {isa = PBXFileReference; lastKnownFileType = sourcecode.c.objc; path = main.m; sourceTree = "<group>"; };
		41BC457320E4FD0200C7F905 /* SimViewer.entitlements */ = {isa = PBXFileReference; lastKnownFileType = text.plist.entitlements; path = SimViewer.entitlements; sourceTree = "<group>"; };
		41BC45E820E6237200C7F905 /* MDMTaskTool.h */ = {isa = PBXFileReference; lastKnownFileType = sourcecode.c.h; path = MDMTaskTool.h; sourceTree = "<group>"; };
		41BC45E920E6237200C7F905 /* MDMTaskTool.m */ = {isa = PBXFileReference; lastKnownFileType = sourcecode.c.objc; path = MDMTaskTool.m; sourceTree = "<group>"; };
/* End PBXFileReference section */

/* Begin PBXFrameworksBuildPhase section */
		41BC455F20E4FD0100C7F905 /* Frameworks */ = {
			isa = PBXFrameworksBuildPhase;
			buildActionMask = 2147483647;
			files = (
			);
			runOnlyForDeploymentPostprocessing = 0;
		};
/* End PBXFrameworksBuildPhase section */

/* Begin PBXGroup section */
		41BC455920E4FD0100C7F905 = {
			isa = PBXGroup;
			children = (
				41BC456420E4FD0100C7F905 /* SimViewer */,
				41BC456320E4FD0100C7F905 /* Products */,
			);
			sourceTree = "<group>";
		};
		41BC456320E4FD0100C7F905 /* Products */ = {
			isa = PBXGroup;
			children = (
				41BC456220E4FD0100C7F905 /* SimViewer.app */,
			);
			name = Products;
			sourceTree = "<group>";
		};
		41BC456420E4FD0100C7F905 /* SimViewer */ = {
			isa = PBXGroup;
			children = (
				41BC45E520E6228700C7F905 /* Core */,
				41BC45E420E6222E00C7F905 /* Supporting Files */,
			);
			path = SimViewer;
			sourceTree = "<group>";
		};
		41BC45E420E6222E00C7F905 /* Supporting Files */ = {
			isa = PBXGroup;
			children = (
				41BC456B20E4FD0200C7F905 /* Assets.xcassets */,
				41BC457020E4FD0200C7F905 /* Info.plist */,
				41BC457120E4FD0200C7F905 /* main.m */,
				41BC457320E4FD0200C7F905 /* SimViewer.entitlements */,
			);
			path = "Supporting Files";
			sourceTree = "<group>";
		};
		41BC45E520E6228700C7F905 /* Core */ = {
			isa = PBXGroup;
			children = (
				41BC45E720E6234D00C7F905 /* Tool */,
				41BC456520E4FD0100C7F905 /* AppDelegate.h */,
				41BC456620E4FD0100C7F905 /* AppDelegate.m */,
			);
			path = Core;
			sourceTree = "<group>";
		};
		41BC45E720E6234D00C7F905 /* Tool */ = {
			isa = PBXGroup;
			children = (
				41BC45E820E6237200C7F905 /* MDMTaskTool.h */,
				41BC45E920E6237200C7F905 /* MDMTaskTool.m */,
			);
			path = Tool;
			sourceTree = "<group>";
		};
/* End PBXGroup section */

/* Begin PBXNativeTarget section */
		41BC456120E4FD0100C7F905 /* SimViewer */ = {
			isa = PBXNativeTarget;
			buildConfigurationList = 41BC457620E4FD0200C7F905 /* Build configuration list for PBXNativeTarget "SimViewer" */;
			buildPhases = (
				41BC455E20E4FD0100C7F905 /* Sources */,
				41BC455F20E4FD0100C7F905 /* Frameworks */,
				41BC456020E4FD0100C7F905 /* Resources */,
			);
			buildRules = (
			);
			dependencies = (
			);
			name = SimViewer;
			productName = SimViewer;
			productReference = 41BC456220E4FD0100C7F905 /* SimViewer.app */;
			productType = "com.apple.product-type.application";
		};
/* End PBXNativeTarget section */

/* Begin PBXProject section */
		41BC455A20E4FD0100C7F905 /* Project object */ = {
			isa = PBXProject;
			attributes = {
				LastUpgradeCheck = 0940;
				ORGANIZATIONNAME = sogou;
				TargetAttributes = {
					41BC456120E4FD0100C7F905 = {
						CreatedOnToolsVersion = 9.4;
					};
				};
			};
			buildConfigurationList = 41BC455D20E4FD0100C7F905 /* Build configuration list for PBXProject "SimViewer" */;
			compatibilityVersion = "Xcode 9.3";
			developmentRegion = en;
			hasScannedForEncodings = 0;
			knownRegions = (
				en,
				Base,
			);
			mainGroup = 41BC455920E4FD0100C7F905;
			productRefGroup = 41BC456320E4FD0100C7F905 /* Products */;
			projectDirPath = "";
			projectRoot = "";
			targets = (
				41BC456120E4FD0100C7F905 /* SimViewer */,
			);
		};
/* End PBXProject section */

/* Begin PBXResourcesBuildPhase section */
		41BC456020E4FD0100C7F905 /* Resources */ = {
			isa = PBXResourcesBuildPhase;
			buildActionMask = 2147483647;
			files = (
				41BC456C20E4FD0200C7F905 /* Assets.xcassets in Resources */,
			);
			runOnlyForDeploymentPostprocessing = 0;
		};
/* End PBXResourcesBuildPhase section */

/* Begin PBXSourcesBuildPhase section */
		41BC455E20E4FD0100C7F905 /* Sources */ = {
			isa = PBXSourcesBuildPhase;
			buildActionMask = 2147483647;
			files = (
				41BC45EA20E6237200C7F905 /* MDMTaskTool.m in Sources */,
				41BC457220E4FD0200C7F905 /* main.m in Sources */,
				41BC456720E4FD0100C7F905 /* AppDelegate.m in Sources */,
			);
			runOnlyForDeploymentPostprocessing = 0;
		};
/* End PBXSourcesBuildPhase section */

/* Begin XCBuildConfiguration section */
		41BC457420E4FD0200C7F905 /* Debug */ = {
			isa = XCBuildConfiguration;
			buildSettings = {
				ALWAYS_SEARCH_USER_PATHS = NO;
				CLANG_ANALYZER_NONNULL = YES;
				CLANG_ANALYZER_NUMBER_OBJECT_CONVERSION = YES_AGGRESSIVE;
				CLANG_CXX_LANGUAGE_STANDARD = "gnu++14";
				CLANG_CXX_LIBRARY = "libc++";
				CLANG_ENABLE_MODULES = YES;
				CLANG_ENABLE_OBJC_ARC = YES;
				CLANG_ENABLE_OBJC_WEAK = YES;
				CLANG_WARN_BLOCK_CAPTURE_AUTORELEASING = YES;
				CLANG_WARN_BOOL_CONVERSION = YES;
				CLANG_WARN_COMMA = YES;
				CLANG_WARN_CONSTANT_CONVERSION = YES;
				CLANG_WARN_DEPRECATED_OBJC_IMPLEMENTATIONS = YES;
				CLANG_WARN_DIRECT_OBJC_ISA_USAGE = YES_ERROR;
				CLANG_WARN_DOCUMENTATION_COMMENTS = YES;
				CLANG_WARN_EMPTY_BODY = YES;
				CLANG_WARN_ENUM_CONVERSION = YES;
				CLANG_WARN_INFINITE_RECURSION = YES;
				CLANG_WARN_INT_CONVERSION = YES;
				CLANG_WARN_NON_LITERAL_NULL_CONVERSION = YES;
				CLANG_WARN_OBJC_IMPLICIT_RETAIN_SELF = YES;
				CLANG_WARN_OBJC_LITERAL_CONVERSION = YES;
				CLANG_WARN_OBJC_ROOT_CLASS = YES_ERROR;
				CLANG_WARN_RANGE_LOOP_ANALYSIS = YES;
				CLANG_WARN_STRICT_PROTOTYPES = YES;
				CLANG_WARN_SUSPICIOUS_MOVE = YES;
				CLANG_WARN_UNGUARDED_AVAILABILITY = YES_AGGRESSIVE;
				CLANG_WARN_UNREACHABLE_CODE = YES;
				CLANG_WARN__DUPLICATE_METHOD_MATCH = YES;
				CODE_SIGN_IDENTITY = "-";
				COPY_PHASE_STRIP = NO;
				DEBUG_INFORMATION_FORMAT = dwarf;
				ENABLE_STRICT_OBJC_MSGSEND = YES;
				ENABLE_TESTABILITY = YES;
				GCC_C_LANGUAGE_STANDARD = gnu11;
				GCC_DYNAMIC_NO_PIC = NO;
				GCC_NO_COMMON_BLOCKS = YES;
				GCC_OPTIMIZATION_LEVEL = 0;
				GCC_PREPROCESSOR_DEFINITIONS = (
					"DEBUG=1",
					"$(inherited)",
				);
				GCC_WARN_64_TO_32_BIT_CONVERSION = YES;
				GCC_WARN_ABOUT_RETURN_TYPE = YES_ERROR;
				GCC_WARN_UNDECLARED_SELECTOR = YES;
				GCC_WARN_UNINITIALIZED_AUTOS = YES_AGGRESSIVE;
				GCC_WARN_UNUSED_FUNCTION = YES;
				GCC_WARN_UNUSED_VARIABLE = YES;
				MACOSX_DEPLOYMENT_TARGET = 10.13;
				MTL_ENABLE_DEBUG_INFO = YES;
				ONLY_ACTIVE_ARCH = YES;
				SDKROOT = macosx;
			};
			name = Debug;
		};
		41BC457520E4FD0200C7F905 /* Release */ = {
			isa = XCBuildConfiguration;
			buildSettings = {
				ALWAYS_SEARCH_USER_PATHS = NO;
				CLANG_ANALYZER_NONNULL = YES;
				CLANG_ANALYZER_NUMBER_OBJECT_CONVERSION = YES_AGGRESSIVE;
				CLANG_CXX_LANGUAGE_STANDARD = "gnu++14";
				CLANG_CXX_LIBRARY = "libc++";
				CLANG_ENABLE_MODULES = YES;
				CLANG_ENABLE_OBJC_ARC = YES;
				CLANG_ENABLE_OBJC_WEAK = YES;
				CLANG_WARN_BLOCK_CAPTURE_AUTORELEASING = YES;
				CLANG_WARN_BOOL_CONVERSION = YES;
				CLANG_WARN_COMMA = YES;
				CLANG_WARN_CONSTANT_CONVERSION = YES;
				CLANG_WARN_DEPRECATED_OBJC_IMPLEMENTATIONS = YES;
				CLANG_WARN_DIRECT_OBJC_ISA_USAGE = YES_ERROR;
				CLANG_WARN_DOCUMENTATION_COMMENTS = YES;
				CLANG_WARN_EMPTY_BODY = YES;
				CLANG_WARN_ENUM_CONVERSION = YES;
				CLANG_WARN_INFINITE_RECURSION = YES;
				CLANG_WARN_INT_CONVERSION = YES;
				CLANG_WARN_NON_LITERAL_NULL_CONVERSION = YES;
				CLANG_WARN_OBJC_IMPLICIT_RETAIN_SELF = YES;
				CLANG_WARN_OBJC_LITERAL_CONVERSION = YES;
				CLANG_WARN_OBJC_ROOT_CLASS = YES_ERROR;
				CLANG_WARN_RANGE_LOOP_ANALYSIS = YES;
				CLANG_WARN_STRICT_PROTOTYPES = YES;
				CLANG_WARN_SUSPICIOUS_MOVE = YES;
				CLANG_WARN_UNGUARDED_AVAILABILITY = YES_AGGRESSIVE;
				CLANG_WARN_UNREACHABLE_CODE = YES;
				CLANG_WARN__DUPLICATE_METHOD_MATCH = YES;
				CODE_SIGN_IDENTITY = "-";
				COPY_PHASE_STRIP = NO;
				DEBUG_INFORMATION_FORMAT = "dwarf-with-dsym";
				ENABLE_NS_ASSERTIONS = NO;
				ENABLE_STRICT_OBJC_MSGSEND = YES;
				GCC_C_LANGUAGE_STANDARD = gnu11;
				GCC_NO_COMMON_BLOCKS = YES;
				GCC_WARN_64_TO_32_BIT_CONVERSION = YES;
				GCC_WARN_ABOUT_RETURN_TYPE = YES_ERROR;
				GCC_WARN_UNDECLARED_SELECTOR = YES;
				GCC_WARN_UNINITIALIZED_AUTOS = YES_AGGRESSIVE;
				GCC_WARN_UNUSED_FUNCTION = YES;
				GCC_WARN_UNUSED_VARIABLE = YES;
				MACOSX_DEPLOYMENT_TARGET = 10.13;
				MTL_ENABLE_DEBUG_INFO = NO;
				SDKROOT = macosx;
			};
			name = Release;
		};
		41BC457720E4FD0200C7F905 /* Debug */ = {
			isa = XCBuildConfiguration;
			buildSettings = {
				ASSETCATALOG_COMPILER_APPICON_NAME = AppIcon;
				CODE_SIGN_ENTITLEMENTS = SimViewer/SimViewer.entitlements;
				CODE_SIGN_STYLE = Automatic;
				COMBINE_HIDPI_IMAGES = YES;
				INFOPLIST_FILE = "$(SRCROOT)/SimViewer/Supporting Files/Info.plist";
				LD_RUNPATH_SEARCH_PATHS = (
					"$(inherited)",
					"@executable_path/../Frameworks",
				);
				PRODUCT_BUNDLE_IDENTIFIER = com.sogou.SimViewer;
				PRODUCT_NAME = "$(TARGET_NAME)";
			};
			name = Debug;
		};
		41BC457820E4FD0200C7F905 /* Release */ = {
			isa = XCBuildConfiguration;
			buildSettings = {
				ASSETCATALOG_COMPILER_APPICON_NAME = AppIcon;
				CODE_SIGN_ENTITLEMENTS = SimViewer/SimViewer.entitlements;
				CODE_SIGN_STYLE = Automatic;
				COMBINE_HIDPI_IMAGES = YES;
				INFOPLIST_FILE = "$(SRCROOT)/SimViewer/Supporting Files/Info.plist";
				LD_RUNPATH_SEARCH_PATHS = (
					"$(inherited)",
					"@executable_path/../Frameworks",
				);
				PRODUCT_BUNDLE_IDENTIFIER = com.sogou.SimViewer;
				PRODUCT_NAME = "$(TARGET_NAME)";
			};
			name = Release;
		};
/* End XCBuildConfiguration section */

/* Begin XCConfigurationList section */
		41BC455D20E4FD0100C7F905 /* Build configuration list for PBXProject "SimViewer" */ = {
			isa = XCConfigurationList;
			buildConfigurations = (
				41BC457420E4FD0200C7F905 /* Debug */,
				41BC457520E4FD0200C7F905 /* Release */,
			);
			defaultConfigurationIsVisible = 0;
			defaultConfigurationName = Release;
		};
		41BC457620E4FD0200C7F905 /* Build configuration list for PBXNativeTarget "SimViewer" */ = {
			isa = XCConfigurationList;
			buildConfigurations = (
				41BC457720E4FD0200C7F905 /* Debug */,
				41BC457820E4FD0200C7F905 /* Release */,
			);
			defaultConfigurationIsVisible = 0;
			defaultConfigurationName = Release;
		};
/* End XCConfigurationList section */
	};
	rootObject = 41BC455A20E4FD0100C7F905 /* Project object */;
}
